
Microsoft Visual Studio Solution File, Format Version 12.00
# Visual Studio 15
VisualStudioVersion = 15.0.27428.2005
MinimumVisualStudioVersion = 10.0.40219.1
Project("{2150E333-8FDC-42A3-9474-1A3956D46DE8}") = "Solution Items", "Solution Items", "{0695188E-8821-4ABA-9474-C511701F7C0C}"
	ProjectSection(SolutionItems) = preProject
		.gitignore = .gitignore
		README.md = README.md
	EndProjectSection
EndProject
Project("{FAE04EC0-301F-11D3-BF4B-00C04F79EFBC}") = "HtmlView", "HtmlView\HtmlView.csproj", "{0927295C-A3E1-4EB3-9397-E7F4F402D6BB}"
EndProject
Project("{FAE04EC0-301F-11D3-BF4B-00C04F79EFBC}") = "TestRunnerWPF", "TestRunnerWPF\TestRunnerWPF.csproj", "{6B553F2D-85C7-42B9-9CE6-5C744EE3818A}"
EndProject
Project("{FAE04EC0-301F-11D3-BF4B-00C04F79EFBC}") = "PackCEF", "PackCEF\PackCEF.csproj", "{8860B29B-749F-4925-86C8-F9C4B93C9DA5}"
EndProject
Global
	GlobalSection(SolutionConfigurationPlatforms) = preSolution
		Debug|Any CPU = Debug|Any CPU
		Debug|x86 = Debug|x86
		Release|Any CPU = Release|Any CPU
		Release|x86 = Release|x86
	EndGlobalSection
	GlobalSection(ProjectConfigurationPlatforms) = postSolution
		{0927295C-A3E1-4EB3-9397-E7F4F402D6BB}.Debug|Any CPU.ActiveCfg = Debug|x86
		{0927295C-A3E1-4EB3-9397-E7F4F402D6BB}.Debug|x86.ActiveCfg = Debug|x86
		{0927295C-A3E1-4EB3-9397-E7F4F402D6BB}.Debug|x86.Build.0 = Debug|x86
		{0927295C-A3E1-4EB3-9397-E7F4F402D6BB}.Release|Any CPU.ActiveCfg = Release|x86
		{0927295C-A3E1-4EB3-9397-E7F4F402D6BB}.Release|x86.ActiveCfg = Release|x86
		{0927295C-A3E1-4EB3-9397-E7F4F402D6BB}.Release|x86.Build.0 = Release|x86
		{6B553F2D-85C7-42B9-9CE6-5C744EE3818A}.Debug|Any CPU.ActiveCfg = Debug|x86
		{6B553F2D-85C7-42B9-9CE6-5C744EE3818A}.Debug|x86.ActiveCfg = Debug|x86
		{6B553F2D-85C7-42B9-9CE6-5C744EE3818A}.Debug|x86.Build.0 = Debug|x86
		{6B553F2D-85C7-42B9-9CE6-5C744EE3818A}.Release|Any CPU.ActiveCfg = Release|x86
		{6B553F2D-85C7-42B9-9CE6-5C744EE3818A}.Release|x86.ActiveCfg = Release|x86
		{6B553F2D-85C7-42B9-9CE6-5C744EE3818A}.Release|x86.Build.0 = Release|x86
		{8860B29B-749F-4925-86C8-F9C4B93C9DA5}.Debug|Any CPU.ActiveCfg = Debug|Any CPU
		{8860B29B-749F-4925-86C8-F9C4B93C9DA5}.Debug|Any CPU.Build.0 = Debug|Any CPU
		{8860B29B-749F-4925-86C8-F9C4B93C9DA5}.Debug|x86.ActiveCfg = Debug|Any CPU
		{8860B29B-749F-4925-86C8-F9C4B93C9DA5}.Debug|x86.Build.0 = Debug|Any CPU
		{8860B29B-749F-4925-86C8-F9C4B93C9DA5}.Release|Any CPU.ActiveCfg = Release|Any CPU
		{8860B29B-749F-4925-86C8-F9C4B93C9DA5}.Release|Any CPU.Build.0 = Release|Any CPU
		{8860B29B-749F-4925-86C8-F9C4B93C9DA5}.Release|x86.ActiveCfg = Release|Any CPU
		{8860B29B-749F-4925-86C8-F9C4B93C9DA5}.Release|x86.Build.0 = Release|Any CPU
	EndGlobalSection
	GlobalSection(SolutionProperties) = preSolution
		HideSolutionNode = FALSE
	EndGlobalSection
	GlobalSection(ExtensibilityGlobals) = postSolution
		SolutionGuid = {F28F99EF-49B5-474F-A66A-B5B65B0C8F93}
	EndGlobalSection
EndGlobal
